
Microsoft Visual Studio Solution File, Format Version 12.00
Project("{2150E333-8FDC-42A3-9474-1A3956D46DE8}") = "src", "src", "{32BB209F-5565-48EE-AD2D-2B718071AD0E}"
EndProject
Project("{FAE04EC0-301F-11D3-BF4B-00C04F79EFBC}") = "Application", "src\Application\Application.csproj", "{810242E7-77E1-4293-BA29-552DC0F66926}"
EndProject
Project("{FAE04EC0-301F-11D3-BF4B-00C04F79EFBC}") = "Domain", "src\Domain\Domain.csproj", "{40946683-18B6-4B49-9E6A-E8BA5A0A5BF3}"
EndProject
Project("{FAE04EC0-301F-11D3-BF4B-00C04F79EFBC}") = "Infrastructure", "src\Infrastructure\Infrastructure.csproj", "{042B7D3D-5051-4F5C-92C6-DDAC5A4A2F8F}"
EndProject
Project("{FAE04EC0-301F-11D3-BF4B-00C04F79EFBC}") = "Shared", "src\Shared\Shared.csproj", "{AC91D9C3-191F-4862-A942-DB0B54886CCE}"
EndProject
Project("{FAE04EC0-301F-11D3-BF4B-00C04F79EFBC}") = "Host", "src\Host\Host.csproj", "{3FD6EFBD-841D-49E2-9125-0DD7F498298C}"
EndProject
Global
	GlobalSection(SolutionConfigurationPlatforms) = preSolution
		Debug|Any CPU = Debug|Any CPU
		Release|Any CPU = Release|Any CPU
	EndGlobalSection
	GlobalSection(NestedProjects) = preSolution
		{810242E7-77E1-4293-BA29-552DC0F66926} = {32BB209F-5565-48EE-AD2D-2B718071AD0E}
		{40946683-18B6-4B49-9E6A-E8BA5A0A5BF3} = {32BB209F-5565-48EE-AD2D-2B718071AD0E}
		{042B7D3D-5051-4F5C-92C6-DDAC5A4A2F8F} = {32BB209F-5565-48EE-AD2D-2B718071AD0E}
		{AC91D9C3-191F-4862-A942-DB0B54886CCE} = {32BB209F-5565-48EE-AD2D-2B718071AD0E}
		{3FD6EFBD-841D-49E2-9125-0DD7F498298C} = {32BB209F-5565-48EE-AD2D-2B718071AD0E}
	EndGlobalSection
	GlobalSection(ProjectConfigurationPlatforms) = postSolution
		{810242E7-77E1-4293-BA29-552DC0F66926}.Debug|Any CPU.ActiveCfg = Debug|Any CPU
		{810242E7-77E1-4293-BA29-552DC0F66926}.Debug|Any CPU.Build.0 = Debug|Any CPU
		{810242E7-77E1-4293-BA29-552DC0F66926}.Release|Any CPU.ActiveCfg = Release|Any CPU
		{810242E7-77E1-4293-BA29-552DC0F66926}.Release|Any CPU.Build.0 = Release|Any CPU
		{40946683-18B6-4B49-9E6A-E8BA5A0A5BF3}.Debug|Any CPU.ActiveCfg = Debug|Any CPU
		{40946683-18B6-4B49-9E6A-E8BA5A0A5BF3}.Debug|Any CPU.Build.0 = Debug|Any CPU
		{40946683-18B6-4B49-9E6A-E8BA5A0A5BF3}.Release|Any CPU.ActiveCfg = Release|Any CPU
		{40946683-18B6-4B49-9E6A-E8BA5A0A5BF3}.Release|Any CPU.Build.0 = Release|Any CPU
		{042B7D3D-5051-4F5C-92C6-DDAC5A4A2F8F}.Debug|Any CPU.ActiveCfg = Debug|Any CPU
		{042B7D3D-5051-4F5C-92C6-DDAC5A4A2F8F}.Debug|Any CPU.Build.0 = Debug|Any CPU
		{042B7D3D-5051-4F5C-92C6-DDAC5A4A2F8F}.Release|Any CPU.ActiveCfg = Release|Any CPU
		{042B7D3D-5051-4F5C-92C6-DDAC5A4A2F8F}.Release|Any CPU.Build.0 = Release|Any CPU
		{AC91D9C3-191F-4862-A942-DB0B54886CCE}.Debug|Any CPU.ActiveCfg = Debug|Any CPU
		{AC91D9C3-191F-4862-A942-DB0B54886CCE}.Debug|Any CPU.Build.0 = Debug|Any CPU
		{AC91D9C3-191F-4862-A942-DB0B54886CCE}.Release|Any CPU.ActiveCfg = Release|Any CPU
		{AC91D9C3-191F-4862-A942-DB0B54886CCE}.Release|Any CPU.Build.0 = Release|Any CPU
		{3FD6EFBD-841D-49E2-9125-0DD7F498298C}.Debug|Any CPU.ActiveCfg = Debug|Any CPU
		{3FD6EFBD-841D-49E2-9125-0DD7F498298C}.Debug|Any CPU.Build.0 = Debug|Any CPU
		{3FD6EFBD-841D-49E2-9125-0DD7F498298C}.Release|Any CPU.ActiveCfg = Release|Any CPU
		{3FD6EFBD-841D-49E2-9125-0DD7F498298C}.Release|Any CPU.Build.0 = Release|Any CPU
	EndGlobalSection
EndGlobal
